{
  "nodes": {
    "base16": {
      "inputs": {
        "fromYaml": "fromYaml"
      },
      "locked": {
        "lastModified": 1755819240,
        "narHash": "sha256-qcMhnL7aGAuFuutH4rq9fvAhCpJWVHLcHVZLtPctPlo=",
        "owner": "SenchoPens",
        "repo": "base16.nix",
        "rev": "75ed5e5e3fce37df22e49125181fa37899c3ccd6",
        "type": "github"
      },
      "original": {
        "owner": "SenchoPens",
        "repo": "base16.nix",
        "type": "github"
      }
    },
    "base16-fish": {
      "flake": false,
      "locked": {
        "lastModified": 1765809053,
        "narHash": "sha256-XCUQLoLfBJ8saWms2HCIj4NEN+xNsWBlU1NrEPcQG4s=",
        "owner": "tomyun",
        "repo": "base16-fish",
        "rev": "86cbea4dca62e08fb7fd83a70e96472f92574782",
        "type": "github"
      },
      "original": {
        "owner": "tomyun",
        "repo": "base16-fish",
        "rev": "86cbea4dca62e08fb7fd83a70e96472f92574782",
        "type": "github"
      }
    },
    "base16-helix": {
      "flake": false,
      "locked": {
        "lastModified": 1776754714,
        "narHash": "sha256-E3OAK27smtATTmX45uoTSRsVD+Y+ZiVVfgM/tjpbtYg=",
        "owner": "tinted-theming",
        "repo": "base16-helix",
        "rev": "4d508123037e7851ad36ebf7d9c48b0e9e1eb581",
        "type": "github"
      },
      "original": {
        "owner": "tinted-theming",
        "repo": "base16-helix",
        "type": "github"
      }
    },
    "base16-vim": {
      "flake": false,
      "locked": {
        "lastModified": 1732806396,
        "narHash": "sha256-e0bpPySdJf0F68Ndanwm+KWHgQiZ0s7liLhvJSWDNsA=",
        "owner": "tinted-theming",
        "repo": "base16-vim",
        "rev": "577fe8125d74ff456cf942c733a85d769afe58b7",
        "type": "github"
      },
      "original": {
        "owner": "tinted-theming",
        "repo": "base16-vim",
        "rev": "577fe8125d74ff456cf942c733a85d769afe58b7",
        "type": "github"
      }
    },
    "firefox-addons": {
      "inputs": {
        "nixpkgs": [
          "nixpkgs"
        ]
      },
      "locked": {
        "dir": "pkgs/firefox-addons",
        "lastModified": 1789185767,
        "narHash": "sha256-jaWL9beN3ifjNzNEBxo0abA+TSi0n7Q8LRQvZTxEqaM=",
        "owner": "rycee",
        "repo": "nur-expressions",
        "rev": "811170bb74b11f3b9489618ce77487cc58c79067",
        "type": "gitlab"
      },
      "original": {
        "dir": "pkgs/firefox-addons",
        "owner": "rycee",
        "repo": "nur-expressions",
        "type": "gitlab"
      }
    },
    "firefox-gnome-theme": {
      "flake": false,
      "locked": {
        "lastModified": 1783570805,
        "narHash": "sha256-ptl5aRlCv9/uRSv2u8Hq8UFVFeZ6Q/bT049bpqNgc3w=",
        "owner": "rafaelmardojai",
        "repo": "firefox-gnome-theme",
        "rev": "5602ed62d638142c1ab31dccd01dfbfb28841225",
        "type": "github"
      },
      "original": {
        "owner": "rafaelmardojai",
        "repo": "firefox-gnome-theme",
        "type": "github"
      }
    },
    "flake-compat": {
      "flake": false,
      "locked": {
        "lastModified": 1777699697,
        "narHash": "sha256-Eg9b/rq/ECYwNwEXs5i9wHyhxNI0JrYx2srdI2uZMaQ=",
        "ref": "refs/heads/main",
        "rev": "382052b74656a369c5408822af3f2501e9b1af81",
        "revCount": 94,
        "type": "git",
        "url": "https://git.lix.systems/lix-project/flake-compat.git"
      },
      "original": {
        "type": "git",
        "url": "https://git.lix.systems/lix-project/flake-compat.git"
      }
    },
    "flake-parts": {
      "inputs": {
        "nixpkgs-lib": [
          "nixpkgs"
        ]
      },
      "locked": {
        "lastModified": 1788450739,
        "narHash": "sha256-glZLQlzIn1fXH6PazR2iUmTo7kzzyYSshrWhLS9TqCU=",
        "owner": "hercules-ci",
        "repo": "flake-parts",
        "rev": "31729ca8cbdb4fa927b34e5f4353e6a83f39e993",
        "type": "github"
      },
      "original": {
        "owner": "hercules-ci",
        "repo": "flake-parts",
        "type": "github"
      }
    },
    "fromYaml": {
      "flake": false,
      "locked": {
        "lastModified": 1731966426,
        "narHash": "sha256-lq95WydhbUTWig/JpqiB7oViTcHFP8Lv41IGtayokA8=",
        "owner": "SenchoPens",
        "repo": "fromYaml",
        "rev": "106af9e2f715e2d828df706c386a685698f3223b",
        "type": "github"
      },
      "original": {
        "owner": "SenchoPens",
        "repo": "fromYaml",
        "type": "github"
      }
    },
    "git-hooks": {
      "inputs": {
        "flake-compat": [
          "flake-compat"
        ],
        "nixpkgs": [
          "nix-gaming",
          "nixpkgs"
        ]
      },
      "locked": {
        "lastModified": 1788267358,
        "narHash": "sha256-nt+lUqYVpc9Y6JeMd2WmXzCDojasdadKo0mWcluvY2Y=",
        "owner": "cachix",
        "repo": "git-hooks.nix",
        "rev": "27555e2624241fb116b49095df4caaee85a25691",
        "type": "github"
      },
      "original": {
        "owner": "cachix",
        "repo": "git-hooks.nix",
        "type": "github"
      }
    },
    "gnome-shell": {
      "flake": false,
      "locked": {
        "host": "gitlab.gnome.org",
        "lastModified": 1776175984,
        "narHash": "sha256-RJFlFW8GiMei6oqUGrMkGEvVqOH8U7Q8abc1yK4VKD8=",
        "owner": "GNOME",
        "repo": "gnome-shell",
        "rev": "e0fdc4c13250e9a9b8ea9594c83925274f4a5dca",
        "type": "gitlab"
      },
      "original": {
        "host": "gitlab.gnome.org",
        "owner": "GNOME",
        "ref": "50.1",
        "repo": "gnome-shell",
        "type": "gitlab"
      }
    },
    "home-manager": {
      "inputs": {
        "nixpkgs": [
          "nixpkgs"
        ]
      },
      "locked": {
        "lastModified": 1789268545,
        "narHash": "sha256-DbVdtfORUtJiAkJLPdDRfbzH0vZGifKpoAsL784AQMY=",
        "owner": "nix-community",
        "repo": "home-manager",
        "rev": "02618d94f88e0137c242264ff24edc5cd5b5d911",
        "type": "github"
      },
      "original": {
        "owner": "nix-community",
        "repo": "home-manager",
        "type": "github"
      }
    },
    "home-manager_2": {
      "inputs": {
        "nixpkgs": [
          "nixcord",
          "nixpkgs"
        ]
      },
      "locked": {
        "lastModified": 1788642154,
        "narHash": "sha256-sPpQFVaFTDqO/4vvCAhuAhqTgqN/ygu+9eJcs5eB0js=",
        "owner": "nix-community",
        "repo": "home-manager",
        "rev": "fd0956c99c41ae3c13a73a638f1f7e963aebc4ab",
        "type": "github"
      },
      "original": {
        "owner": "nix-community",
        "ref": "release-26.05",
        "repo": "home-manager",
        "type": "github"
      }
    },
    "mnw": {
      "locked": {
        "lastModified": 1780772958,
        "narHash": "sha256-VKKe8r4pwCGWZ3Yr9CPN129R4S3CKLSrlYqdYz3vKpM=",
        "owner": "Gerg-L",
        "repo": "mnw",
        "rev": "0871dbf63a53610c95db04439ed8ea4d6ec9c160",
        "type": "github"
      },
      "original": {
        "owner": "Gerg-L",
        "repo": "mnw",
        "type": "github"
      }
    },
    "nix-cachyos-kernel": {
      "inputs": {
        "flake-compat": [
          "flake-compat"
        ],
        "flake-parts": [
          "flake-parts"
        ],
        "nixpkgs": "nixpkgs"
      },
      "locked": {
        "lastModified": 1789241994,
        "narHash": "sha256-kY+k8kGBd8w4kxrw8IPzQGpnYZQV4mik2ZNHtGN0eHI=",
        "owner": "xddxdd",
        "repo": "nix-cachyos-kernel",
        "rev": "444d135dde71c1de547cf7bfd73e67145e67aebb",
        "type": "github"
      },
      "original": {
        "owner": "xddxdd",
        "ref": "release",
        "repo": "nix-cachyos-kernel",
        "type": "github"
      }
    },
    "nix-darwin": {
      "inputs": {
        "nixpkgs": [
          "nixcord",
          "nixpkgs"
        ]
      },
      "locked": {
        "lastModified": 1783744694,
        "narHash": "sha256-2cp6N3rrwnGYLTx9l6N+NI+kwrCWxvJUbj5WJhvB29A=",
        "owner": "nix-darwin",
        "repo": "nix-darwin",
        "rev": "c3e90c89649b07d1a96e4b9dd6cd0d6e44b91a74",
        "type": "github"
      },
      "original": {
        "owner": "nix-darwin",
        "ref": "nix-darwin-26.05",
        "repo": "nix-darwin",
        "type": "github"
      }
    },
    "nix-flatpak": {
      "locked": {
        "lastModified": 1767983141,
        "narHash": "sha256-7ZCulYUD9RmJIDULTRkGLSW1faMpDlPKcbWJLYHoXcs=",
        "owner": "gmodena",
        "repo": "nix-flatpak",
        "rev": "440818969ac2cbd77bfe025e884d0aa528991374",
        "type": "github"
      },
      "original": {
        "owner": "gmodena",
        "ref": "latest",
        "repo": "nix-flatpak",
        "type": "github"
      }
    },
    "nix-gaming": {
      "inputs": {
        "flake-compat": [
          "flake-compat"
        ],
        "flake-parts": [
          "flake-parts"
        ],
        "git-hooks": "git-hooks",
        "nixpkgs": [
          "nixpkgs"
        ]
      },
      "locked": {
        "lastModified": 1789185644,
        "narHash": "sha256-jDwahTHJjZUFG80aOlFKbZ/Z6X7JQfw3nh7DdI0p9VI=",
        "owner": "fufexan",
        "repo": "nix-gaming",
        "rev": "ae0da4b4183c39a94ff3dbe14efe7d1ae82b3e75",
        "type": "github"
      },
      "original": {
        "owner": "fufexan",
        "repo": "nix-gaming",
        "type": "github"
      }
    },
    "nix-index-database": {
      "inputs": {
        "nixpkgs": [
          "nixpkgs"
        ]
      },
      "locked": {
        "lastModified": 1788680125,
        "narHash": "sha256-amGSoDobwmp4CFvCn841ws2iuitus+HUJdD/gKgsrJA=",
        "owner": "nix-community",
        "repo": "nix-index-database",
        "rev": "116ad1c2adb642405ef8916f6a94c8626f971344",
        "type": "github"
      },
      "original": {
        "owner": "nix-community",
        "repo": "nix-index-database",
        "type": "github"
      }
    },
    "nixarr": {
      "inputs": {
        "nixpkgs": [
          "nixpkgs"
        ],
        "treefmt-nix": [
          "treefmt-nix"
        ],
        "vpnconfinement": "vpnconfinement",
        "website-builder": "website-builder"
      },
      "locked": {
        "lastModified": 1784997863,
        "narHash": "sha256-oTMag4I9MW3bstuOKqzc0F1OqxO49lLa9jkSkRe3EqA=",
        "owner": "rasmus-kirk",
        "repo": "nixarr",
        "rev": "282ce99b31d52d72cca281e3d26d3dd267946800",
        "type": "github"
      },
      "original": {
        "owner": "rasmus-kirk",
        "repo": "nixarr",
        "type": "github"
      }
    },
    "nixcord": {
      "inputs": {
        "home-manager": "home-manager_2",
        "nix-darwin": "nix-darwin",
        "nixpkgs": [
          "nixpkgs"
        ],
        "nixpkgs-nixcord": "nixpkgs-nixcord",
        "treefmt-nix": [
          "treefmt-nix"
        ]
      },
      "locked": {
        "lastModified": 1789204800,
        "narHash": "sha256-7U8PDAm7XsUE5tKqToLW1vFUnrf3RPu/VAwqFeaPE+Q=",
        "owner": "FlameFlag",
        "repo": "nixcord",
        "rev": "bcd64126461f68e4107c64761dd6e5310d800d18",
        "type": "github"
      },
      "original": {
        "owner": "FlameFlag",
        "repo": "nixcord",
        "type": "github"
      }
    },
    "nixos-hardware": {
      "inputs": {
        "nixpkgs": [
          "nixpkgs"
        ]
      },
      "locked": {
        "lastModified": 1789127271,
        "narHash": "sha256-vL/Fpo7Zxa7wvO8V5FAToUBvP+K3XsMB1wUglTtd/J0=",
        "owner": "NixOS",
        "repo": "nixos-hardware",
        "rev": "24cfdc1f9344b90a1eee329a3906e2f39f4d0f1e",
        "type": "github"
      },
      "original": {
        "owner": "NixOS",
        "ref": "master",
        "repo": "nixos-hardware",
        "type": "github"
      }
    },
    "nixpkgs": {
      "locked": {
        "lastModified": 1789181251,
        "narHash": "sha256-8yaO1XLoObzYgb6Uj+0IkUxbkCI6kBLuImoZAuAHzB4=",
        "owner": "NixOS",
        "repo": "nixpkgs",
        "rev": "f496248152e1ad8c61b59a6739cc499b447168e4",
        "type": "github"
      },
      "original": {
        "owner": "NixOS",
        "ref": "nixos-unstable-small",
        "repo": "nixpkgs",
        "type": "github"
      }
    },
    "nixpkgs-nixcord": {
      "locked": {
        "lastModified": 1788921488,
        "narHash": "sha256-8+xWRxEkD6l217cIUdRxfeUGS9lQX0hVtUuNVsBaDzk=",
        "owner": "NixOS",
        "repo": "nixpkgs",
        "rev": "6aefcda9401be8acc2b74244fb3b37520ea1f0a8",
        "type": "github"
      },
      "original": {
        "owner": "NixOS",
        "ref": "nixos-26.05",
        "repo": "nixpkgs",
        "type": "github"
      }
    },
    "nixpkgs_2": {
      "locked": {
        "lastModified": 1789149629,
        "narHash": "sha256-H6GwaZzZf+4npqv0tph94w9tZddSjFjmQrVsW0z78uk=",
        "owner": "NixOS",
        "repo": "nixpkgs",
        "rev": "eaad089433ca2bb662274377d33df3d0e51ef28b",
        "type": "github"
      },
      "original": {
        "id": "nixpkgs",
        "ref": "nixos-unstable",
        "type": "indirect"
      }
    },
    "noctalia": {
      "inputs": {
        "nixpkgs": [
          "nixpkgs"
        ]
      },
      "locked": {
        "lastModified": 1789268576,
        "narHash": "sha256-6yp58XQgDakHlHSdFmfFVPziBmmSVBg5hqTzbkPv/ps=",
        "owner": "noctalia-dev",
        "repo": "noctalia-shell",
        "rev": "f96944c384e2595ecaef3160f46a77b467ee48c9",
        "type": "github"
      },
      "original": {
        "owner": "noctalia-dev",
        "repo": "noctalia-shell",
        "type": "github"
      }
    },
    "nur": {
      "inputs": {
        "flake-parts": [
          "stylix",
          "flake-parts"
        ],
        "nixpkgs": [
          "stylix",
          "nixpkgs"
        ]
      },
      "locked": {
        "lastModified": 1785549842,
        "narHash": "sha256-DCwBZmGsySF7oKGTRgEv2HvpxVXkHT+38VhTM76k0B4=",
        "owner": "nix-community",
        "repo": "NUR",
        "rev": "a9f987b57594e845e3e5cdd423b9a70846d70308",
        "type": "github"
      },
      "original": {
        "owner": "nix-community",
        "repo": "NUR",
        "type": "github"
      }
    },
    "nvf": {
      "inputs": {
        "flake-compat": [
          "flake-compat"
        ],
        "mnw": "mnw",
        "nixpkgs": [
          "nixpkgs"
        ]
      },
      "locked": {
        "lastModified": 1789172534,
        "narHash": "sha256-LV26WEThZ7U+L274lSY1xNOmxTb8Y9yrE3mOR6CAOZg=",
        "owner": "notashelf",
        "repo": "nvf",
        "rev": "9c1d99771b443055f5cd428f11b5a4b04c7b7e2e",
        "type": "github"
      },
      "original": {
        "owner": "notashelf",
        "repo": "nvf",
        "type": "github"
      }
    },
    "root": {
      "inputs": {
        "firefox-addons": "firefox-addons",
        "flake-compat": "flake-compat",
        "flake-parts": "flake-parts",
        "home-manager": "home-manager",
        "nix-cachyos-kernel": "nix-cachyos-kernel",
        "nix-flatpak": "nix-flatpak",
        "nix-gaming": "nix-gaming",
        "nix-index-database": "nix-index-database",
        "nixarr": "nixarr",
        "nixcord": "nixcord",
        "nixos-hardware": "nixos-hardware",
        "nixpkgs": "nixpkgs_2",
        "noctalia": "noctalia",
        "nvf": "nvf",
        "spicetify-nix": "spicetify-nix",
        "stylix": "stylix",
        "systems": "systems",
        "treefmt-nix": "treefmt-nix",
        "watt": "watt",
        "zen-browser": "zen-browser"
      }
    },
    "spicetify-nix": {
      "inputs": {
        "nixpkgs": [
          "nixpkgs"
        ],
        "systems": [
          "systems"
        ]
      },
      "locked": {
        "lastModified": 1788683578,
        "narHash": "sha256-bERpuakmPAC2b36zgXy6OXh+SkZUjbaV+vV2sPmm6p8=",
        "owner": "Gerg-L",
        "repo": "spicetify-nix",
        "rev": "a4ef43fb13e3615f36e5a0935aabe8cc29363dc9",
        "type": "github"
      },
      "original": {
        "owner": "Gerg-L",
        "repo": "spicetify-nix",
        "type": "github"
      }
    },
    "stylix": {
      "inputs": {
        "base16": "base16",
        "base16-fish": "base16-fish",
        "base16-helix": "base16-helix",
        "base16-vim": "base16-vim",
        "firefox-gnome-theme": "firefox-gnome-theme",
        "flake-parts": [
          "flake-parts"
        ],
        "gnome-shell": "gnome-shell",
        "nixpkgs": [
          "nixpkgs"
        ],
        "nur": "nur",
        "systems": [
          "systems"
        ],
        "tinted-kitty": "tinted-kitty",
        "tinted-schemes": "tinted-schemes",
        "tinted-tmux": "tinted-tmux",
        "tinted-zed": "tinted-zed"
      },
      "locked": {
        "lastModified": 1787771653,
        "narHash": "sha256-DkkJSBOXWV/mja5Vy8az5g1KpZlsbUwlmH0BsQhowaQ=",
        "owner": "nix-community",
        "repo": "stylix",
        "rev": "5e3809851f486e7fc7e84b40f174c74b60ecc784",
        "type": "github"
      },
      "original": {
        "owner": "nix-community",
        "repo": "stylix",
        "type": "github"
      }
    },
    "systems": {
      "flake": false,
      "locked": {
        "lastModified": 1681028828,
        "narHash": "sha256-Vy1rq5AaRuLzOxct8nz4T6wlgyUR7zLU309k9mBC768=",
        "owner": "nix-systems",
        "repo": "default",
        "rev": "da67096a3b9bf56a91d16901293e51ba5b49a27e",
        "type": "github"
      },
      "original": {
        "owner": "nix-systems",
        "repo": "default",
        "type": "github"
      }
    },
    "tinted-kitty": {
      "flake": false,
      "locked": {
        "lastModified": 1735730497,
        "narHash": "sha256-4KtB+FiUzIeK/4aHCKce3V9HwRvYaxX+F1edUrfgzb8=",
        "owner": "tinted-theming",
        "repo": "tinted-kitty",
        "rev": "de6f888497f2c6b2279361bfc790f164bfd0f3fa",
        "type": "github"
      },
      "original": {
        "owner": "tinted-theming",
        "repo": "tinted-kitty",
        "type": "github"
      }
    },
    "tinted-schemes": {
      "flake": false,
      "locked": {
        "lastModified": 1785153830,
        "narHash": "sha256-fNdfCTeCXU3tZG3TMincd+u68qBHQgCr2Ljr/M1mWP0=",
        "owner": "tinted-theming",
        "repo": "schemes",
        "rev": "9bd28ed313560db3c5b605c63bc4e309e78e3fc8",
        "type": "github"
      },
      "original": {
        "owner": "tinted-theming",
        "repo": "schemes",
        "type": "github"
      }
    },
    "tinted-tmux": {
      "flake": false,
      "locked": {
        "lastModified": 1785031658,
        "narHash": "sha256-mZp9O2LjzdMzlqQF3l3fjqsuPBzXy+1qTfBEUGjTlpk=",
        "owner": "tinted-theming",
        "repo": "tinted-tmux",
        "rev": "5d2c67f61ea7af36f16865ab6d541cdba41dc257",
        "type": "github"
      },
      "original": {
        "owner": "tinted-theming",
        "repo": "tinted-tmux",
        "type": "github"
      }
    },
    "tinted-zed": {
      "flake": false,
      "locked": {
        "lastModified": 1785030526,
        "narHash": "sha256-klZf8UviewRkxuu74Bhbq6tqy7oxebQC7UVRWbbtQxU=",
        "owner": "tinted-theming",
        "repo": "base16-zed",
        "rev": "16f5a8adf4a6b1310d0a61ab172de963e8f76a02",
        "type": "github"
      },
      "original": {
        "owner": "tinted-theming",
        "repo": "base16-zed",
        "type": "github"
      }
    },
    "treefmt-nix": {
      "inputs": {
        "nixpkgs": [
          "nixpkgs"
        ]
      },
      "locked": {
        "lastModified": 1786901030,
        "narHash": "sha256-WSFCsDSE5ffgD2MqzkM2CYjeFiKhRF/dJUN8uedb6YE=",
        "owner": "numtide",
        "repo": "treefmt-nix",
        "rev": "27b3b12a8e6375f28ebe122f07d230ca5459bbfa",
        "type": "github"
      },
      "original": {
        "owner": "numtide",
        "repo": "treefmt-nix",
        "type": "github"
      }
    },
    "vpnconfinement": {
      "locked": {
        "lastModified": 1767604552,
        "narHash": "sha256-FddhMxnc99KYOZ/S3YNqtDSoxisIhVtJ7L4s8XD2u0A=",
        "owner": "Maroka-chan",
        "repo": "VPN-Confinement",
        "rev": "a6b2da727853886876fd1081d6bb2880752937f3",
        "type": "github"
      },
      "original": {
        "owner": "Maroka-chan",
        "repo": "VPN-Confinement",
        "type": "github"
      }
    },
    "watt": {
      "inputs": {
        "nixpkgs": [
          "nixpkgs"
        ]
      },
      "locked": {
        "lastModified": 1788864025,
        "narHash": "sha256-hPSY5xQ5IziQrmBixtmhvzUHIHl8nIgGzxKBOlAktz8=",
        "owner": "notashelf",
        "repo": "watt",
        "rev": "707ae3507b995eac6a015d877156aa4c3bc92ecd",
        "type": "github"
      },
      "original": {
        "owner": "notashelf",
        "repo": "watt",
        "type": "github"
      }
    },
    "website-builder": {
      "inputs": {
        "nixpkgs": [
          "nixarr",
          "nixpkgs"
        ]
      },
      "locked": {
        "lastModified": 1771957511,
        "narHash": "sha256-MxpsyVQguwmeN40gblvcYLtL4xiriGYB6UyP+JergpQ=",
        "owner": "rasmus-kirk",
        "repo": "website-builder",
        "rev": "896af41c1a01f934799356f1f51cfddff2abda82",
        "type": "github"
      },
      "original": {
        "owner": "rasmus-kirk",
        "repo": "website-builder",
        "type": "github"
      }
    },
    "zen-browser": {
      "inputs": {
        "home-manager": [
          "home-manager"
        ],
        "nixpkgs": [
          "nixpkgs"
        ]
      },
      "locked": {
        "lastModified": 1789239533,
        "narHash": "sha256-x6LDRbyl+trEnwrFth2SAdDf8x4SM7DWcjmR2JUxtAg=",
        "owner": "0xc000022070",
        "repo": "zen-browser-flake",
        "rev": "b66d03970382d5185e040110b24ecb7a39df0e80",
        "type": "github"
      },
      "original": {
        "owner": "0xc000022070",
        "repo": "zen-browser-flake",
        "type": "github"
      }
    }
  },
  "root": "root",
  "version": 7
}
